// !$*UTF8*$!
{
	archiveVersion = 1;
	classes = {
	};
	objectVersion = 48;
	objects = {

/* Begin PBXBuildFile section */
		61720C2021389F5000A1B9BB /* PlayerSelectionViewController.swift in Sources */ = {isa = PBXBuildFile; fileRef = 61720C1F21389F5000A1B9BB /* PlayerSelectionViewController.swift */; };
		61720C222138EBDC00A1B9BB /* PlayerSelectionModel.swift in Sources */ = {isa = PBXBuildFile; fileRef = 61720C212138EBDC00A1B9BB /* PlayerSelectionModel.swift */; };
		617513A321338BE00056C83E /* AppDelegate.swift in Sources */ = {isa = PBXBuildFile; fileRef = 617513A221338BE00056C83E /* AppDelegate.swift */; };
		617513A521338BE00056C83E /* ViewController.swift in Sources */ = {isa = PBXBuildFile; fileRef = 617513A421338BE00056C83E /* ViewController.swift */; };
		617513A821338BE00056C83E /* Main.storyboard in Resources */ = {isa = PBXBuildFile; fileRef = 617513A621338BE00056C83E /* Main.storyboard */; };
		617513AA21338BE00056C83E /* Assets.xcassets in Resources */ = {isa = PBXBuildFile; fileRef = 617513A921338BE00056C83E /* Assets.xcassets */; };
		617513AD21338BE00056C83E /* LaunchScreen.storyboard in Resources */ = {isa = PBXBuildFile; fileRef = 617513AB21338BE00056C83E /* LaunchScreen.storyboard */; };
		617513B521338C020056C83E /* Model.swift in Sources */ = {isa = PBXBuildFile; fileRef = 617513B421338C020056C83E /* Model.swift */; };
		617513B721338C240056C83E /* ResponseViewController.swift in Sources */ = {isa = PBXBuildFile; fileRef = 617513B621338C240056C83E /* ResponseViewController.swift */; };
		6193CBCC213A549A00AED1D8 /* ResultsTableViewController.swift in Sources */ = {isa = PBXBuildFile; fileRef = 6193CBCB213A549A00AED1D8 /* ResultsTableViewController.swift */; };
		61BCF19A213B8C8F00EEFB9C /* PlayerClassModel.swift in Sources */ = {isa = PBXBuildFile; fileRef = 61BCF199213B8C8F00EEFB9C /* PlayerClassModel.swift */; };
		61ED735B2135A96200B860CB /* NominationViewController.swift in Sources */ = {isa = PBXBuildFile; fileRef = 61ED735A2135A96200B860CB /* NominationViewController.swift */; };
/* End PBXBuildFile section */

/* Begin PBXFileReference section */
		61720C1F21389F5000A1B9BB /* PlayerSelectionViewController.swift */ = {isa = PBXFileReference; lastKnownFileType = sourcecode.swift; path = PlayerSelectionViewController.swift; sourceTree = "<group>"; };
		61720C212138EBDC00A1B9BB /* PlayerSelectionModel.swift */ = {isa = PBXFileReference; lastKnownFileType = sourcecode.swift; path = PlayerSelectionModel.swift; sourceTree = "<group>"; };
		6175139F21338BE00056C83E /* ShamazOne.app */ = {isa = PBXFileReference; explicitFileType = wrapper.application; includeInIndex = 0; path = ShamazOne.app; sourceTree = BUILT_PRODUCTS_DIR; };
		617513A221338BE00056C83E /* AppDelegate.swift */ = {isa = PBXFileReference; lastKnownFileType = sourcecode.swift; path = AppDelegate.swift; sourceTree = "<group>"; };
		617513A421338BE00056C83E /* ViewController.swift */ = {isa = PBXFileReference; lastKnownFileType = sourcecode.swift; path = ViewController.swift; sourceTree = "<group>"; };
		617513A721338BE00056C83E /* Base */ = {isa = PBXFileReference; lastKnownFileType = file.storyboard; name = Base; path = Base.lproj/Main.storyboard; sourceTree = "<group>"; };
		617513A921338BE00056C83E /* Assets.xcassets */ = {isa = PBXFileReference; lastKnownFileType = folder.assetcatalog; path = Assets.xcassets; sourceTree = "<group>"; };
		617513AC21338BE00056C83E /* Base */ = {isa = PBXFileReference; lastKnownFileType = file.storyboard; name = Base; path = Base.lproj/LaunchScreen.storyboard; sourceTree = "<group>"; };
		617513AE21338BE00056C83E /* Info.plist */ = {isa = PBXFileReference; lastKnownFileType = text.plist.xml; path = Info.plist; sourceTree = "<group>"; };
		617513B421338C020056C83E /* Model.swift */ = {isa = PBXFileReference; lastKnownFileType = sourcecode.swift; path = Model.swift; sourceTree = "<group>"; };
		617513B621338C240056C83E /* ResponseViewController.swift */ = {isa = PBXFileReference; lastKnownFileType = sourcecode.swift; path = ResponseViewController.swift; sourceTree = "<group>"; usesTabs = 0; };
		6193CBCB213A549A00AED1D8 /* ResultsTableViewController.swift */ = {isa = PBXFileReference; lastKnownFileType = sourcecode.swift; path = ResultsTableViewController.swift; sourceTree = "<group>"; };
		61BCF199213B8C8F00EEFB9C /* PlayerClassModel.swift */ = {isa = PBXFileReference; lastKnownFileType = sourcecode.swift; path = PlayerClassModel.swift; sourceTree = "<group>"; };
		61ED735A2135A96200B860CB /* NominationViewController.swift */ = {isa = PBXFileReference; lastKnownFileType = sourcecode.swift; path = NominationViewController.swift; sourceTree = "<group>"; };
/* End PBXFileReference section */

/* Begin PBXFrameworksBuildPhase section */
		6175139C21338BE00056C83E /* Frameworks */ = {
			isa = PBXFrameworksBuildPhase;
			buildActionMask = 2147483647;
			files = (
			);
			runOnlyForDeploymentPostprocessing = 0;
		};
/* End PBXFrameworksBuildPhase section */

/* Begin PBXGroup section */
		6175139621338BE00056C83E = {
			isa = PBXGroup;
			children = (
				617513A121338BE00056C83E /* ShamazOne */,
				617513A021338BE00056C83E /* Products */,
			);
			sourceTree = "<group>";
		};
		617513A021338BE00056C83E /* Products */ = {
			isa = PBXGroup;
			children = (
				6175139F21338BE00056C83E /* ShamazOne.app */,
			);
			name = Products;
			sourceTree = "<group>";
		};
		617513A121338BE00056C83E /* ShamazOne */ = {
			isa = PBXGroup;
			children = (
				61BCF195213B8BCE00EEFB9C /* ViewControllers */,
				617513A221338BE00056C83E /* AppDelegate.swift */,
				617513A621338BE00056C83E /* Main.storyboard */,
				61720C212138EBDC00A1B9BB /* PlayerSelectionModel.swift */,
				617513B421338C020056C83E /* Model.swift */,
				61BCF199213B8C8F00EEFB9C /* PlayerClassModel.swift */,
				617513A921338BE00056C83E /* Assets.xcassets */,
				617513AB21338BE00056C83E /* LaunchScreen.storyboard */,
				617513AE21338BE00056C83E /* Info.plist */,
			);
			path = ShamazOne;
			sourceTree = "<group>";
		};
		61BCF195213B8BCE00EEFB9C /* ViewControllers */ = {
			isa = PBXGroup;
			children = (
				61ED735A2135A96200B860CB /* NominationViewController.swift */,
				617513B621338C240056C83E /* ResponseViewController.swift */,
				617513A421338BE00056C83E /* ViewController.swift */,
				6193CBCB213A549A00AED1D8 /* ResultsTableViewController.swift */,
				61720C1F21389F5000A1B9BB /* PlayerSelectionViewController.swift */,
			);
			path = ViewControllers;
			sourceTree = "<group>";
		};
/* End PBXGroup section */

/* Begin PBXNativeTarget section */
		6175139E21338BE00056C83E /* ShamazOne */ = {
			isa = PBXNativeTarget;
			buildConfigurationList = 617513B121338BE00056C83E /* Build configuration list for PBXNativeTarget "ShamazOne" */;
			buildPhases = (
				6175139B21338BE00056C83E /* Sources */,
				6175139C21338BE00056C83E /* Frameworks */,
				6175139D21338BE00056C83E /* Resources */,
			);
			buildRules = (
			);
			dependencies = (
			);
			name = ShamazOne;
			productName = ShamazOne;
			productReference = 6175139F21338BE00056C83E /* ShamazOne.app */;
			productType = "com.apple.product-type.application";
		};
/* End PBXNativeTarget section */

/* Begin PBXProject section */
		6175139721338BE00056C83E /* Project object */ = {
			isa = PBXProject;
			attributes = {
				LastSwiftUpdateCheck = 0920;
				LastUpgradeCheck = 0920;
				ORGANIZATIONNAME = "Matthew Sousa";
				TargetAttributes = {
					6175139E21338BE00056C83E = {
						CreatedOnToolsVersion = 9.2;
						ProvisioningStyle = Automatic;
					};
				};
			};
			buildConfigurationList = 6175139A21338BE00056C83E /* Build configuration list for PBXProject "ShamazOne" */;
			compatibilityVersion = "Xcode 8.0";
			developmentRegion = en;
			hasScannedForEncodings = 0;
			knownRegions = (
				en,
				Base,
			);
			mainGroup = 6175139621338BE00056C83E;
			productRefGroup = 617513A021338BE00056C83E /* Products */;
			projectDirPath = "";
			projectRoot = "";
			targets = (
				6175139E21338BE00056C83E /* ShamazOne */,
			);
		};
/* End PBXProject section */

/* Begin PBXResourcesBuildPhase section */
		6175139D21338BE00056C83E /* Resources */ = {
			isa = PBXResourcesBuildPhase;
			buildActionMask = 2147483647;
			files = (
				617513AD21338BE00056C83E /* LaunchScreen.storyboard in Resources */,
				617513AA21338BE00056C83E /* Assets.xcassets in Resources */,
				617513A821338BE00056C83E /* Main.storyboard in Resources */,
			);
			runOnlyForDeploymentPostprocessing = 0;
		};
/* End PBXResourcesBuildPhase section */

/* Begin PBXSourcesBuildPhase section */
		6175139B21338BE00056C83E /* Sources */ = {
			isa = PBXSourcesBuildPhase;
			buildActionMask = 2147483647;
			files = (
				6193CBCC213A549A00AED1D8 /* ResultsTableViewController.swift in Sources */,
				61720C2021389F5000A1B9BB /* PlayerSelectionViewController.swift in Sources */,
				61BCF19A213B8C8F00EEFB9C /* PlayerClassModel.swift in Sources */,
				61720C222138EBDC00A1B9BB /* PlayerSelectionModel.swift in Sources */,
				617513B521338C020056C83E /* Model.swift in Sources */,
				61ED735B2135A96200B860CB /* NominationViewController.swift in Sources */,
				617513B721338C240056C83E /* ResponseViewController.swift in Sources */,
				617513A521338BE00056C83E /* ViewController.swift in Sources */,
				617513A321338BE00056C83E /* AppDelegate.swift in Sources */,
			);
			runOnlyForDeploymentPostprocessing = 0;
		};
/* End PBXSourcesBuildPhase section */

/* Begin PBXVariantGroup section */
		617513A621338BE00056C83E /* Main.storyboard */ = {
			isa = PBXVariantGroup;
			children = (
				617513A721338BE00056C83E /* Base */,
			);
			name = Main.storyboard;
			sourceTree = "<group>";
		};
		617513AB21338BE00056C83E /* LaunchScreen.storyboard */ = {
			isa = PBXVariantGroup;
			children = (
				617513AC21338BE00056C83E /* Base */,
			);
			name = LaunchScreen.storyboard;
			sourceTree = "<group>";
		};
/* End PBXVariantGroup section */

/* Begin XCBuildConfiguration section */
		617513AF21338BE00056C83E /* Debug */ = {
			isa = XCBuildConfiguration;
			buildSettings = {
				ALWAYS_SEARCH_USER_PATHS = NO;
				CLANG_ANALYZER_NONNULL = YES;
				CLANG_ANALYZER_NUMBER_OBJECT_CONVERSION = YES_AGGRESSIVE;
				CLANG_CXX_LANGUAGE_STANDARD = "gnu++14";
				CLANG_CXX_LIBRARY = "libc++";
				CLANG_ENABLE_MODULES = YES;
				CLANG_ENABLE_OBJC_ARC = YES;
				CLANG_WARN_BLOCK_CAPTURE_AUTORELEASING = YES;
				CLANG_WARN_BOOL_CONVERSION = YES;
				CLANG_WARN_COMMA = YES;
				CLANG_WARN_CONSTANT_CONVERSION = YES;
				CLANG_WARN_DIRECT_OBJC_ISA_USAGE = YES_ERROR;
				CLANG_WARN_DOCUMENTATION_COMMENTS = YES;
				CLANG_WARN_EMPTY_BODY = YES;
				CLANG_WARN_ENUM_CONVERSION = YES;
				CLANG_WARN_INFINITE_RECURSION = YES;
				CLANG_WARN_INT_CONVERSION = YES;
				CLANG_WARN_NON_LITERAL_NULL_CONVERSION = YES;
				CLANG_WARN_OBJC_LITERAL_CONVERSION = YES;
				CLANG_WARN_OBJC_ROOT_CLASS = YES_ERROR;
				CLANG_WARN_RANGE_LOOP_ANALYSIS = YES;
				CLANG_WARN_STRICT_PROTOTYPES = YES;
				CLANG_WARN_SUSPICIOUS_MOVE = YES;
				CLANG_WARN_UNGUARDED_AVAILABILITY = YES_AGGRESSIVE;
				CLANG_WARN_UNREACHABLE_CODE = YES;
				CLANG_WARN__DUPLICATE_METHOD_MATCH = YES;
				CODE_SIGN_IDENTITY = "iPhone Developer";
				COPY_PHASE_STRIP = NO;
				DEBUG_INFORMATION_FORMAT = dwarf;
				ENABLE_STRICT_OBJC_MSGSEND = YES;
				ENABLE_TESTABILITY = YES;
				GCC_C_LANGUAGE_STANDARD = gnu11;
				GCC_DYNAMIC_NO_PIC = NO;
				GCC_NO_COMMON_BLOCKS = YES;
				GCC_OPTIMIZATION_LEVEL = 0;
				GCC_PREPROCESSOR_DEFINITIONS = (
					"DEBUG=1",
					"$(inherited)",
				);
				GCC_WARN_64_TO_32_BIT_CONVERSION = YES;
				GCC_WARN_ABOUT_RETURN_TYPE = YES_ERROR;
				GCC_WARN_UNDECLARED_SELECTOR = YES;
				GCC_WARN_UNINITIALIZED_AUTOS = YES_AGGRESSIVE;
				GCC_WARN_UNUSED_FUNCTION = YES;
				GCC_WARN_UNUSED_VARIABLE = YES;
				IPHONEOS_DEPLOYMENT_TARGET = 11.2;
				MTL_ENABLE_DEBUG_INFO = YES;
				ONLY_ACTIVE_ARCH = YES;
				SDKROOT = iphoneos;
				SWIFT_ACTIVE_COMPILATION_CONDITIONS = DEBUG;
				SWIFT_OPTIMIZATION_LEVEL = "-Onone";
			};
			name = Debug;
		};
		617513B021338BE00056C83E /* Release */ = {
			isa = XCBuildConfiguration;
			buildSettings = {
				ALWAYS_SEARCH_USER_PATHS = NO;
				CLANG_ANALYZER_NONNULL = YES;
				CLANG_ANALYZER_NUMBER_OBJECT_CONVERSION = YES_AGGRESSIVE;
				CLANG_CXX_LANGUAGE_STANDARD = "gnu++14";
				CLANG_CXX_LIBRARY = "libc++";
				CLANG_ENABLE_MODULES = YES;
				CLANG_ENABLE_OBJC_ARC = YES;
				CLANG_WARN_BLOCK_CAPTURE_AUTORELEASING = YES;
				CLANG_WARN_BOOL_CONVERSION = YES;
				CLANG_WARN_COMMA = YES;
				CLANG_WARN_CONSTANT_CONVERSION = YES;
				CLANG_WARN_DIRECT_OBJC_ISA_USAGE = YES_ERROR;
				CLANG_WARN_DOCUMENTATION_COMMENTS = YES;
				CLANG_WARN_EMPTY_BODY = YES;
				CLANG_WARN_ENUM_CONVERSION = YES;
				CLANG_WARN_INFINITE_RECURSION = YES;
				CLANG_WARN_INT_CONVERSION = YES;
				CLANG_WARN_NON_LITERAL_NULL_CONVERSION = YES;
				CLANG_WARN_OBJC_LITERAL_CONVERSION = YES;
				CLANG_WARN_OBJC_ROOT_CLASS = YES_ERROR;
				CLANG_WARN_RANGE_LOOP_ANALYSIS = YES;
				CLANG_WARN_STRICT_PROTOTYPES = YES;
				CLANG_WARN_SUSPICIOUS_MOVE = YES;
				CLANG_WARN_UNGUARDED_AVAILABILITY = YES_AGGRESSIVE;
				CLANG_WARN_UNREACHABLE_CODE = YES;
				CLANG_WARN__DUPLICATE_METHOD_MATCH = YES;
				CODE_SIGN_IDENTITY = "iPhone Developer";
				COPY_PHASE_STRIP = NO;
				DEBUG_INFORMATION_FORMAT = "dwarf-with-dsym";
				ENABLE_NS_ASSERTIONS = NO;
				ENABLE_STRICT_OBJC_MSGSEND = YES;
				GCC_C_LANGUAGE_STANDARD = gnu11;
				GCC_NO_COMMON_BLOCKS = YES;
				GCC_WARN_64_TO_32_BIT_CONVERSION = YES;
				GCC_WARN_ABOUT_RETURN_TYPE = YES_ERROR;
				GCC_WARN_UNDECLARED_SELECTOR = YES;
				GCC_WARN_UNINITIALIZED_AUTOS = YES_AGGRESSIVE;
				GCC_WARN_UNUSED_FUNCTION = YES;
				GCC_WARN_UNUSED_VARIABLE = YES;
				IPHONEOS_DEPLOYMENT_TARGET = 11.2;
				MTL_ENABLE_DEBUG_INFO = NO;
				SDKROOT = iphoneos;
				SWIFT_OPTIMIZATION_LEVEL = "-Owholemodule";
				VALIDATE_PRODUCT = YES;
			};
			name = Release;
		};
		617513B221338BE00056C83E /* Debug */ = {
			isa = XCBuildConfiguration;
			buildSettings = {
				ASSETCATALOG_COMPILER_APPICON_NAME = AppIcon;
				CODE_SIGN_STYLE = Automatic;
				DEVELOPMENT_TEAM = SPUKTJZVPR;
				INFOPLIST_FILE = ShamazOne/Info.plist;
				LD_RUNPATH_SEARCH_PATHS = "$(inherited) @executable_path/Frameworks";
				PRODUCT_BUNDLE_IDENTIFIER = com.MattSousa.ShamazOne;
				PRODUCT_NAME = "$(TARGET_NAME)";
				SWIFT_VERSION = 4.0;
				TARGETED_DEVICE_FAMILY = "1,2";
			};
			name = Debug;
		};
		617513B321338BE00056C83E /* Release */ = {
			isa = XCBuildConfiguration;
			buildSettings = {
				ASSETCATALOG_COMPILER_APPICON_NAME = AppIcon;
				CODE_SIGN_STYLE = Automatic;
				DEVELOPMENT_TEAM = SPUKTJZVPR;
				INFOPLIST_FILE = ShamazOne/Info.plist;
				LD_RUNPATH_SEARCH_PATHS = "$(inherited) @executable_path/Frameworks";
				PRODUCT_BUNDLE_IDENTIFIER = com.MattSousa.ShamazOne;
				PRODUCT_NAME = "$(TARGET_NAME)";
				SWIFT_VERSION = 4.0;
				TARGETED_DEVICE_FAMILY = "1,2";
			};
			name = Release;
		};
/* End XCBuildConfiguration section */

/* Begin XCConfigurationList section */
		6175139A21338BE00056C83E /* Build configuration list for PBXProject "ShamazOne" */ = {
			isa = XCConfigurationList;
			buildConfigurations = (
				617513AF21338BE00056C83E /* Debug */,
				617513B021338BE00056C83E /* Release */,
			);
			defaultConfigurationIsVisible = 0;
			defaultConfigurationName = Release;
		};
		617513B121338BE00056C83E /* Build configuration list for PBXNativeTarget "ShamazOne" */ = {
			isa = XCConfigurationList;
			buildConfigurations = (
				617513B221338BE00056C83E /* Debug */,
				617513B321338BE00056C83E /* Release */,
			);
			defaultConfigurationIsVisible = 0;
			defaultConfigurationName = Release;
		};
/* End XCConfigurationList section */
	};
	rootObject = 6175139721338BE00056C83E /* Project object */;
}
